
Microsoft Visual Studio Solution File, Format Version 12.00
# Visual Studio Version 16
VisualStudioVersion = 16.0.29326.143
MinimumVisualStudioVersion = 10.0.40219.1
Project("{9A19103F-16F7-4668-BE54-9A1E7A4F7556}") = "AudioFileLength", "AudioFileLength\AudioFileLength.csproj", "{983C2E8D-F435-44CD-8420-D499545FA2AE}"
EndProject
Global
	GlobalSection(SolutionConfigurationPlatforms) = preSolution
		Debug|Any CPU = Debug|Any CPU
		Release|Any CPU = Release|Any CPU
	EndGlobalSection
	GlobalSection(ProjectConfigurationPlatforms) = postSolution
		{983C2E8D-F435-44CD-8420-D499545FA2AE}.Debug|Any CPU.ActiveCfg = Debug|Any CPU
		{983C2E8D-F435-44CD-8420-D499545FA2AE}.Debug|Any CPU.Build.0 = Debug|Any CPU
		{983C2E8D-F435-44CD-8420-D499545FA2AE}.Release|Any CPU.ActiveCfg = Release|Any CPU
		{983C2E8D-F435-44CD-8420-D499545FA2AE}.Release|Any CPU.Build.0 = Release|Any CPU
	EndGlobalSection
	GlobalSection(SolutionProperties) = preSolution
		HideSolutionNode = FALSE
	EndGlobalSection
	GlobalSection(ExtensibilityGlobals) = postSolution
		SolutionGuid = {6A42B1DA-FA6C-4499-AB8F-DDEF37C29F04}
	EndGlobalSection
EndGlobal
