
Microsoft Visual Studio Solution File, Format Version 12.00
# Visual Studio Version 17
VisualStudioVersion = 17.0.32014.148
MinimumVisualStudioVersion = 10.0.40219.1
Project("{9A19103F-16F7-4668-BE54-9A1E7A4F7556}") = "DuplicateEverywhere", "DuplicateEverywhere\DuplicateEverywhere.csproj", "{56AAFA6B-D66B-4050-8281-B92A1EC236A1}"
EndProject
Global
	GlobalSection(SolutionConfigurationPlatforms) = preSolution
		Debug|Any CPU = Debug|Any CPU
		Release|Any CPU = Release|Any CPU
	EndGlobalSection
	GlobalSection(ProjectConfigurationPlatforms) = postSolution
		{56AAFA6B-D66B-4050-8281-B92A1EC236A1}.Debug|Any CPU.ActiveCfg = Debug|Any CPU
		{56AAFA6B-D66B-4050-8281-B92A1EC236A1}.Debug|Any CPU.Build.0 = Debug|Any CPU
		{56AAFA6B-D66B-4050-8281-B92A1EC236A1}.Release|Any CPU.ActiveCfg = Release|Any CPU
		{56AAFA6B-D66B-4050-8281-B92A1EC236A1}.Release|Any CPU.Build.0 = Release|Any CPU
	EndGlobalSection
	GlobalSection(SolutionProperties) = preSolution
		HideSolutionNode = FALSE
	EndGlobalSection
	GlobalSection(ExtensibilityGlobals) = postSolution
		SolutionGuid = {2004E80D-AB4C-4B8E-B86A-81E1C2B127D6}
	EndGlobalSection
EndGlobal
